// !$*UTF8*$!
{
	archiveVersion = 1;
	classes = {
	};
	objectVersion = 55;
	objects = {

/* Begin PBXBuildFile section */
		664B530227C8CBBB00D9CEBF /* AppDelegate.swift in Sources */ = {isa = PBXBuildFile; fileRef = 664B530127C8CBBB00D9CEBF /* AppDelegate.swift */; };
		664B530427C8CBBB00D9CEBF /* SceneDelegate.swift in Sources */ = {isa = PBXBuildFile; fileRef = 664B530327C8CBBB00D9CEBF /* SceneDelegate.swift */; };
		664B530627C8CBBB00D9CEBF /* ViewController.swift in Sources */ = {isa = PBXBuildFile; fileRef = 664B530527C8CBBB00D9CEBF /* ViewController.swift */; };
		664B530927C8CBBB00D9CEBF /* Main.storyboard in Resources */ = {isa = PBXBuildFile; fileRef = 664B530727C8CBBB00D9CEBF /* Main.storyboard */; };
		664B530B27C8CBBD00D9CEBF /* Assets.xcassets in Resources */ = {isa = PBXBuildFile; fileRef = 664B530A27C8CBBD00D9CEBF /* Assets.xcassets */; };
		664B530E27C8CBBD00D9CEBF /* LaunchScreen.storyboard in Resources */ = {isa = PBXBuildFile; fileRef = 664B530C27C8CBBD00D9CEBF /* LaunchScreen.storyboard */; };
		AADAFD66CCE5232ACBA31785 /* Pods_Shared_Reciplease.framework in Frameworks */ = {isa = PBXBuildFile; fileRef = B3D1BA5F317C5D0B31047D9D /* Pods_Shared_Reciplease.framework */; };
/* End PBXBuildFile section */

/* Begin PBXFileReference section */
		313560744BA371F6CA496B17 /* Pods-Global-Reciplease.release.xcconfig */ = {isa = PBXFileReference; includeInIndex = 1; lastKnownFileType = text.xcconfig; name = "Pods-Global-Reciplease.release.xcconfig"; path = "Target Support Files/Pods-Global-Reciplease/Pods-Global-Reciplease.release.xcconfig"; sourceTree = "<group>"; };
		36D5825A95C33FD9E345E105 /* Pods-Reciplease.release.xcconfig */ = {isa = PBXFileReference; includeInIndex = 1; lastKnownFileType = text.xcconfig; name = "Pods-Reciplease.release.xcconfig"; path = "Target Support Files/Pods-Reciplease/Pods-Reciplease.release.xcconfig"; sourceTree = "<group>"; };
		4D7A145F80306173959A7919 /* Pods-Shared-Reciplease.release.xcconfig */ = {isa = PBXFileReference; includeInIndex = 1; lastKnownFileType = text.xcconfig; name = "Pods-Shared-Reciplease.release.xcconfig"; path = "Target Support Files/Pods-Shared-Reciplease/Pods-Shared-Reciplease.release.xcconfig"; sourceTree = "<group>"; };
		5C4394A44DA3C63C226413FE /* Pods-Reciplease.debug.xcconfig */ = {isa = PBXFileReference; includeInIndex = 1; lastKnownFileType = text.xcconfig; name = "Pods-Reciplease.debug.xcconfig"; path = "Target Support Files/Pods-Reciplease/Pods-Reciplease.debug.xcconfig"; sourceTree = "<group>"; };
		6610DDDC27CFAB66000E8942 /* RFavorite.framework */ = {isa = PBXFileReference; explicitFileType = wrapper.framework; path = RFavorite.framework; sourceTree = BUILT_PRODUCTS_DIR; };
		6610DDDD27CFAB66000E8942 /* RSearch.framework */ = {isa = PBXFileReference; explicitFileType = wrapper.framework; path = RSearch.framework; sourceTree = BUILT_PRODUCTS_DIR; };
		664B52FE27C8CBBB00D9CEBF /* Reciplease.app */ = {isa = PBXFileReference; explicitFileType = wrapper.application; includeInIndex = 0; path = Reciplease.app; sourceTree = BUILT_PRODUCTS_DIR; };
		664B530127C8CBBB00D9CEBF /* AppDelegate.swift */ = {isa = PBXFileReference; lastKnownFileType = sourcecode.swift; path = AppDelegate.swift; sourceTree = "<group>"; };
		664B530327C8CBBB00D9CEBF /* SceneDelegate.swift */ = {isa = PBXFileReference; lastKnownFileType = sourcecode.swift; path = SceneDelegate.swift; sourceTree = "<group>"; };
		664B530527C8CBBB00D9CEBF /* ViewController.swift */ = {isa = PBXFileReference; lastKnownFileType = sourcecode.swift; path = ViewController.swift; sourceTree = "<group>"; };
		664B530827C8CBBB00D9CEBF /* Base */ = {isa = PBXFileReference; lastKnownFileType = file.storyboard; name = Base; path = Base.lproj/Main.storyboard; sourceTree = "<group>"; };
		664B530A27C8CBBD00D9CEBF /* Assets.xcassets */ = {isa = PBXFileReference; lastKnownFileType = folder.assetcatalog; path = Assets.xcassets; sourceTree = "<group>"; };
		664B530D27C8CBBD00D9CEBF /* Base */ = {isa = PBXFileReference; lastKnownFileType = file.storyboard; name = Base; path = Base.lproj/LaunchScreen.storyboard; sourceTree = "<group>"; };
		664B530F27C8CBBD00D9CEBF /* Info.plist */ = {isa = PBXFileReference; lastKnownFileType = text.plist.xml; path = Info.plist; sourceTree = "<group>"; };
		780551EE12BF35DCC2634C87 /* Pods-Global-Reciplease.debug.xcconfig */ = {isa = PBXFileReference; includeInIndex = 1; lastKnownFileType = text.xcconfig; name = "Pods-Global-Reciplease.debug.xcconfig"; path = "Target Support Files/Pods-Global-Reciplease/Pods-Global-Reciplease.debug.xcconfig"; sourceTree = "<group>"; };
		B3D1BA5F317C5D0B31047D9D /* Pods_Shared_Reciplease.framework */ = {isa = PBXFileReference; explicitFileType = wrapper.framework; includeInIndex = 0; path = Pods_Shared_Reciplease.framework; sourceTree = BUILT_PRODUCTS_DIR; };
		C56968DBCEEC4249799BB560 /* Pods-Shared-Reciplease.debug.xcconfig */ = {isa = PBXFileReference; includeInIndex = 1; lastKnownFileType = text.xcconfig; name = "Pods-Shared-Reciplease.debug.xcconfig"; path = "Target Support Files/Pods-Shared-Reciplease/Pods-Shared-Reciplease.debug.xcconfig"; sourceTree = "<group>"; };
/* End PBXFileReference section */

/* Begin PBXFrameworksBuildPhase section */
		664B52FB27C8CBBB00D9CEBF /* Frameworks */ = {
			isa = PBXFrameworksBuildPhase;
			buildActionMask = 2147483647;
			files = (
				AADAFD66CCE5232ACBA31785 /* Pods_Shared_Reciplease.framework in Frameworks */,
			);
			runOnlyForDeploymentPostprocessing = 0;
		};
/* End PBXFrameworksBuildPhase section */

/* Begin PBXGroup section */
		3571398FC7BC70EEE1790DD0 /* Pods */ = {
			isa = PBXGroup;
			children = (
				5C4394A44DA3C63C226413FE /* Pods-Reciplease.debug.xcconfig */,
				36D5825A95C33FD9E345E105 /* Pods-Reciplease.release.xcconfig */,
				780551EE12BF35DCC2634C87 /* Pods-Global-Reciplease.debug.xcconfig */,
				313560744BA371F6CA496B17 /* Pods-Global-Reciplease.release.xcconfig */,
				C56968DBCEEC4249799BB560 /* Pods-Shared-Reciplease.debug.xcconfig */,
				4D7A145F80306173959A7919 /* Pods-Shared-Reciplease.release.xcconfig */,
			);
			name = Pods;
			path = ../Pods;
			sourceTree = "<group>";
		};
		664B52F527C8CBBB00D9CEBF = {
			isa = PBXGroup;
			children = (
				664B530027C8CBBB00D9CEBF /* Reciplease */,
				664B52FF27C8CBBB00D9CEBF /* Products */,
				3571398FC7BC70EEE1790DD0 /* Pods */,
				6DAB95028919428B9F0000CE /* Frameworks */,
			);
			sourceTree = "<group>";
		};
		664B52FF27C8CBBB00D9CEBF /* Products */ = {
			isa = PBXGroup;
			children = (
				664B52FE27C8CBBB00D9CEBF /* Reciplease.app */,
			);
			name = Products;
			sourceTree = "<group>";
		};
		664B530027C8CBBB00D9CEBF /* Reciplease */ = {
			isa = PBXGroup;
			children = (
				664B530127C8CBBB00D9CEBF /* AppDelegate.swift */,
				664B530327C8CBBB00D9CEBF /* SceneDelegate.swift */,
				664B530527C8CBBB00D9CEBF /* ViewController.swift */,
				664B530727C8CBBB00D9CEBF /* Main.storyboard */,
				664B530A27C8CBBD00D9CEBF /* Assets.xcassets */,
				664B530C27C8CBBD00D9CEBF /* LaunchScreen.storyboard */,
				664B530F27C8CBBD00D9CEBF /* Info.plist */,
			);
			path = Reciplease;
			sourceTree = "<group>";
		};
		6DAB95028919428B9F0000CE /* Frameworks */ = {
			isa = PBXGroup;
			children = (
				6610DDDC27CFAB66000E8942 /* RFavorite.framework */,
				6610DDDD27CFAB66000E8942 /* RSearch.framework */,
				B3D1BA5F317C5D0B31047D9D /* Pods_Shared_Reciplease.framework */,
			);
			name = Frameworks;
			sourceTree = "<group>";
		};
/* End PBXGroup section */

/* Begin PBXNativeTarget section */
		664B52FD27C8CBBB00D9CEBF /* Reciplease */ = {
			isa = PBXNativeTarget;
			buildConfigurationList = 664B531227C8CBBD00D9CEBF /* Build configuration list for PBXNativeTarget "Reciplease" */;
			buildPhases = (
				7E9150ACD8FFB791AD535E8A /* [CP] Check Pods Manifest.lock */,
				664B52FA27C8CBBB00D9CEBF /* Sources */,
				664B52FB27C8CBBB00D9CEBF /* Frameworks */,
				664B52FC27C8CBBB00D9CEBF /* Resources */,
				BD6C5DAFC117899B8256FD01 /* [CP] Embed Pods Frameworks */,
				662C5DA327CFA28A00B4B0AA /* SwiftLint */,
			);
			buildRules = (
			);
			dependencies = (
			);
			name = Reciplease;
			productName = Reciplease;
			productReference = 664B52FE27C8CBBB00D9CEBF /* Reciplease.app */;
			productType = "com.apple.product-type.application";
		};
/* End PBXNativeTarget section */

/* Begin PBXProject section */
		664B52F627C8CBBB00D9CEBF /* Project object */ = {
			isa = PBXProject;
			attributes = {
				BuildIndependentTargetsInParallel = 1;
				LastSwiftUpdateCheck = 1320;
				LastUpgradeCheck = 1320;
				TargetAttributes = {
					664B52FD27C8CBBB00D9CEBF = {
						CreatedOnToolsVersion = 13.2.1;
					};
				};
			};
			buildConfigurationList = 664B52F927C8CBBB00D9CEBF /* Build configuration list for PBXProject "Reciplease" */;
			compatibilityVersion = "Xcode 13.0";
			developmentRegion = en;
			hasScannedForEncodings = 0;
			knownRegions = (
				en,
				Base,
			);
			mainGroup = 664B52F527C8CBBB00D9CEBF;
			productRefGroup = 664B52FF27C8CBBB00D9CEBF /* Products */;
			projectDirPath = "";
			projectRoot = "";
			targets = (
				664B52FD27C8CBBB00D9CEBF /* Reciplease */,
			);
		};
/* End PBXProject section */

/* Begin PBXResourcesBuildPhase section */
		664B52FC27C8CBBB00D9CEBF /* Resources */ = {
			isa = PBXResourcesBuildPhase;
			buildActionMask = 2147483647;
			files = (
				664B530E27C8CBBD00D9CEBF /* LaunchScreen.storyboard in Resources */,
				664B530B27C8CBBD00D9CEBF /* Assets.xcassets in Resources */,
				664B530927C8CBBB00D9CEBF /* Main.storyboard in Resources */,
			);
			runOnlyForDeploymentPostprocessing = 0;
		};
/* End PBXResourcesBuildPhase section */

/* Begin PBXShellScriptBuildPhase section */
		662C5DA327CFA28A00B4B0AA /* SwiftLint */ = {
			isa = PBXShellScriptBuildPhase;
			buildActionMask = 2147483647;
			files = (
			);
			inputFileListPaths = (
			);
			inputPaths = (
			);
			name = SwiftLint;
			outputFileListPaths = (
			);
			outputPaths = (
			);
			runOnlyForDeploymentPostprocessing = 0;
			shellPath = /bin/sh;
			shellScript = "${PODS_ROOT}/SwiftLint/swiftlint\n";
		};
		7E9150ACD8FFB791AD535E8A /* [CP] Check Pods Manifest.lock */ = {
			isa = PBXShellScriptBuildPhase;
			buildActionMask = 2147483647;
			files = (
			);
			inputFileListPaths = (
			);
			inputPaths = (
				"${PODS_PODFILE_DIR_PATH}/Podfile.lock",
				"${PODS_ROOT}/Manifest.lock",
			);
			name = "[CP] Check Pods Manifest.lock";
			outputFileListPaths = (
			);
			outputPaths = (
				"$(DERIVED_FILE_DIR)/Pods-Shared-Reciplease-checkManifestLockResult.txt",
			);
			runOnlyForDeploymentPostprocessing = 0;
			shellPath = /bin/sh;
			shellScript = "diff \"${PODS_PODFILE_DIR_PATH}/Podfile.lock\" \"${PODS_ROOT}/Manifest.lock\" > /dev/null\nif [ $? != 0 ] ; then\n    # print error to STDERR\n    echo \"error: The sandbox is not in sync with the Podfile.lock. Run 'pod install' or update your CocoaPods installation.\" >&2\n    exit 1\nfi\n# This output is used by Xcode 'outputs' to avoid re-running this script phase.\necho \"SUCCESS\" > \"${SCRIPT_OUTPUT_FILE_0}\"\n";
			showEnvVarsInLog = 0;
		};
		BD6C5DAFC117899B8256FD01 /* [CP] Embed Pods Frameworks */ = {
			isa = PBXShellScriptBuildPhase;
			buildActionMask = 2147483647;
			files = (
			);
			inputFileListPaths = (
				"${PODS_ROOT}/Target Support Files/Pods-Shared-Reciplease/Pods-Shared-Reciplease-frameworks-${CONFIGURATION}-input-files.xcfilelist",
			);
			name = "[CP] Embed Pods Frameworks";
			outputFileListPaths = (
				"${PODS_ROOT}/Target Support Files/Pods-Shared-Reciplease/Pods-Shared-Reciplease-frameworks-${CONFIGURATION}-output-files.xcfilelist",
			);
			runOnlyForDeploymentPostprocessing = 0;
			shellPath = /bin/sh;
			shellScript = "\"${PODS_ROOT}/Target Support Files/Pods-Shared-Reciplease/Pods-Shared-Reciplease-frameworks.sh\"\n";
			showEnvVarsInLog = 0;
		};
/* End PBXShellScriptBuildPhase section */

/* Begin PBXSourcesBuildPhase section */
		664B52FA27C8CBBB00D9CEBF /* Sources */ = {
			isa = PBXSourcesBuildPhase;
			buildActionMask = 2147483647;
			files = (
				664B530627C8CBBB00D9CEBF /* ViewController.swift in Sources */,
				664B530227C8CBBB00D9CEBF /* AppDelegate.swift in Sources */,
				664B530427C8CBBB00D9CEBF /* SceneDelegate.swift in Sources */,
			);
			runOnlyForDeploymentPostprocessing = 0;
		};
/* End PBXSourcesBuildPhase section */

/* Begin PBXVariantGroup section */
		664B530727C8CBBB00D9CEBF /* Main.storyboard */ = {
			isa = PBXVariantGroup;
			children = (
				664B530827C8CBBB00D9CEBF /* Base */,
			);
			name = Main.storyboard;
			sourceTree = "<group>";
		};
		664B530C27C8CBBD00D9CEBF /* LaunchScreen.storyboard */ = {
			isa = PBXVariantGroup;
			children = (
				664B530D27C8CBBD00D9CEBF /* Base */,
			);
			name = LaunchScreen.storyboard;
			sourceTree = "<group>";
		};
/* End PBXVariantGroup section */

/* Begin XCBuildConfiguration section */
		664B531027C8CBBD00D9CEBF /* Debug */ = {
			isa = XCBuildConfiguration;
			buildSettings = {
				ALWAYS_SEARCH_USER_PATHS = NO;
				CLANG_ANALYZER_NONNULL = YES;
				CLANG_ANALYZER_NUMBER_OBJECT_CONVERSION = YES_AGGRESSIVE;
				CLANG_CXX_LANGUAGE_STANDARD = "gnu++17";
				CLANG_CXX_LIBRARY = "libc++";
				CLANG_ENABLE_MODULES = YES;
				CLANG_ENABLE_OBJC_ARC = YES;
				CLANG_ENABLE_OBJC_WEAK = YES;
				CLANG_WARN_BLOCK_CAPTURE_AUTORELEASING = YES;
				CLANG_WARN_BOOL_CONVERSION = YES;
				CLANG_WARN_COMMA = YES;
				CLANG_WARN_CONSTANT_CONVERSION = YES;
				CLANG_WARN_DEPRECATED_OBJC_IMPLEMENTATIONS = YES;
				CLANG_WARN_DIRECT_OBJC_ISA_USAGE = YES_ERROR;
				CLANG_WARN_DOCUMENTATION_COMMENTS = YES;
				CLANG_WARN_EMPTY_BODY = YES;
				CLANG_WARN_ENUM_CONVERSION = YES;
				CLANG_WARN_INFINITE_RECURSION = YES;
				CLANG_WARN_INT_CONVERSION = YES;
				CLANG_WARN_NON_LITERAL_NULL_CONVERSION = YES;
				CLANG_WARN_OBJC_IMPLICIT_RETAIN_SELF = YES;
				CLANG_WARN_OBJC_LITERAL_CONVERSION = YES;
				CLANG_WARN_OBJC_ROOT_CLASS = YES_ERROR;
				CLANG_WARN_QUOTED_INCLUDE_IN_FRAMEWORK_HEADER = YES;
				CLANG_WARN_RANGE_LOOP_ANALYSIS = YES;
				CLANG_WARN_STRICT_PROTOTYPES = YES;
				CLANG_WARN_SUSPICIOUS_MOVE = YES;
				CLANG_WARN_UNGUARDED_AVAILABILITY = YES_AGGRESSIVE;
				CLANG_WARN_UNREACHABLE_CODE = YES;
				CLANG_WARN__DUPLICATE_METHOD_MATCH = YES;
				COPY_PHASE_STRIP = NO;
				DEBUG_INFORMATION_FORMAT = dwarf;
				ENABLE_STRICT_OBJC_MSGSEND = YES;
				ENABLE_TESTABILITY = YES;
				GCC_C_LANGUAGE_STANDARD = gnu11;
				GCC_DYNAMIC_NO_PIC = NO;
				GCC_NO_COMMON_BLOCKS = YES;
				GCC_OPTIMIZATION_LEVEL = 0;
				GCC_PREPROCESSOR_DEFINITIONS = (
					"DEBUG=1",
					"$(inherited)",
				);
				GCC_WARN_64_TO_32_BIT_CONVERSION = YES;
				GCC_WARN_ABOUT_RETURN_TYPE = YES_ERROR;
				GCC_WARN_UNDECLARED_SELECTOR = YES;
				GCC_WARN_UNINITIALIZED_AUTOS = YES_AGGRESSIVE;
				GCC_WARN_UNUSED_FUNCTION = YES;
				GCC_WARN_UNUSED_VARIABLE = YES;
				IPHONEOS_DEPLOYMENT_TARGET = 15.2;
				MTL_ENABLE_DEBUG_INFO = INCLUDE_SOURCE;
				MTL_FAST_MATH = YES;
				ONLY_ACTIVE_ARCH = YES;
				SDKROOT = iphoneos;
				SWIFT_ACTIVE_COMPILATION_CONDITIONS = DEBUG;
				SWIFT_OPTIMIZATION_LEVEL = "-Onone";
			};
			name = Debug;
		};
		664B531127C8CBBD00D9CEBF /* Release */ = {
			isa = XCBuildConfiguration;
			buildSettings = {
				ALWAYS_SEARCH_USER_PATHS = NO;
				CLANG_ANALYZER_NONNULL = YES;
				CLANG_ANALYZER_NUMBER_OBJECT_CONVERSION = YES_AGGRESSIVE;
				CLANG_CXX_LANGUAGE_STANDARD = "gnu++17";
				CLANG_CXX_LIBRARY = "libc++";
				CLANG_ENABLE_MODULES = YES;
				CLANG_ENABLE_OBJC_ARC = YES;
				CLANG_ENABLE_OBJC_WEAK = YES;
				CLANG_WARN_BLOCK_CAPTURE_AUTORELEASING = YES;
				CLANG_WARN_BOOL_CONVERSION = YES;
				CLANG_WARN_COMMA = YES;
				CLANG_WARN_CONSTANT_CONVERSION = YES;
				CLANG_WARN_DEPRECATED_OBJC_IMPLEMENTATIONS = YES;
				CLANG_WARN_DIRECT_OBJC_ISA_USAGE = YES_ERROR;
				CLANG_WARN_DOCUMENTATION_COMMENTS = YES;
				CLANG_WARN_EMPTY_BODY = YES;
				CLANG_WARN_ENUM_CONVERSION = YES;
				CLANG_WARN_INFINITE_RECURSION = YES;
				CLANG_WARN_INT_CONVERSION = YES;
				CLANG_WARN_NON_LITERAL_NULL_CONVERSION = YES;
				CLANG_WARN_OBJC_IMPLICIT_RETAIN_SELF = YES;
				CLANG_WARN_OBJC_LITERAL_CONVERSION = YES;
				CLANG_WARN_OBJC_ROOT_CLASS = YES_ERROR;
				CLANG_WARN_QUOTED_INCLUDE_IN_FRAMEWORK_HEADER = YES;
				CLANG_WARN_RANGE_LOOP_ANALYSIS = YES;
				CLANG_WARN_STRICT_PROTOTYPES = YES;
				CLANG_WARN_SUSPICIOUS_MOVE = YES;
				CLANG_WARN_UNGUARDED_AVAILABILITY = YES_AGGRESSIVE;
				CLANG_WARN_UNREACHABLE_CODE = YES;
				CLANG_WARN__DUPLICATE_METHOD_MATCH = YES;
				COPY_PHASE_STRIP = NO;
				DEBUG_INFORMATION_FORMAT = "dwarf-with-dsym";
				ENABLE_NS_ASSERTIONS = NO;
				ENABLE_STRICT_OBJC_MSGSEND = YES;
				GCC_C_LANGUAGE_STANDARD = gnu11;
				GCC_NO_COMMON_BLOCKS = YES;
				GCC_WARN_64_TO_32_BIT_CONVERSION = YES;
				GCC_WARN_ABOUT_RETURN_TYPE = YES_ERROR;
				GCC_WARN_UNDECLARED_SELECTOR = YES;
				GCC_WARN_UNINITIALIZED_AUTOS = YES_AGGRESSIVE;
				GCC_WARN_UNUSED_FUNCTION = YES;
				GCC_WARN_UNUSED_VARIABLE = YES;
				IPHONEOS_DEPLOYMENT_TARGET = 15.2;
				MTL_ENABLE_DEBUG_INFO = NO;
				MTL_FAST_MATH = YES;
				SDKROOT = iphoneos;
				SWIFT_COMPILATION_MODE = wholemodule;
				SWIFT_OPTIMIZATION_LEVEL = "-O";
				VALIDATE_PRODUCT = YES;
			};
			name = Release;
		};
		664B531327C8CBBD00D9CEBF /* Debug */ = {
			isa = XCBuildConfiguration;
			baseConfigurationReference = C56968DBCEEC4249799BB560 /* Pods-Shared-Reciplease.debug.xcconfig */;
			buildSettings = {
				ASSETCATALOG_COMPILER_APPICON_NAME = AppIcon;
				ASSETCATALOG_COMPILER_GLOBAL_ACCENT_COLOR_NAME = AccentColor;
				CODE_SIGN_STYLE = Automatic;
				CURRENT_PROJECT_VERSION = 1;
				DEVELOPMENT_TEAM = H3B6726E3X;
				GENERATE_INFOPLIST_FILE = YES;
				INFOPLIST_FILE = Reciplease/Info.plist;
				INFOPLIST_KEY_UIApplicationSupportsIndirectInputEvents = YES;
				INFOPLIST_KEY_UILaunchStoryboardName = LaunchScreen;
				INFOPLIST_KEY_UIMainStoryboardFile = Main;
				INFOPLIST_KEY_UISupportedInterfaceOrientations = UIInterfaceOrientationPortrait;
				INFOPLIST_KEY_UISupportedInterfaceOrientations_iPad = "UIInterfaceOrientationPortrait UIInterfaceOrientationPortraitUpsideDown UIInterfaceOrientationLandscapeLeft UIInterfaceOrientationLandscapeRight";
				INFOPLIST_KEY_UISupportedInterfaceOrientations_iPhone = "UIInterfaceOrientationPortrait UIInterfaceOrientationLandscapeLeft UIInterfaceOrientationLandscapeRight";
				LD_RUNPATH_SEARCH_PATHS = (
					"$(inherited)",
					"@executable_path/Frameworks",
				);
				MARKETING_VERSION = 1.0;
				PRODUCT_BUNDLE_IDENTIFIER = Quentin.Beaudoul.Reciplease;
				PRODUCT_NAME = "$(TARGET_NAME)";
				SWIFT_EMIT_LOC_STRINGS = YES;
				SWIFT_VERSION = 5.0;
				TARGETED_DEVICE_FAMILY = 1;
			};
			name = Debug;
		};
		664B531427C8CBBD00D9CEBF /* Release */ = {
			isa = XCBuildConfiguration;
			baseConfigurationReference = 4D7A145F80306173959A7919 /* Pods-Shared-Reciplease.release.xcconfig */;
			buildSettings = {
				ASSETCATALOG_COMPILER_APPICON_NAME = AppIcon;
				ASSETCATALOG_COMPILER_GLOBAL_ACCENT_COLOR_NAME = AccentColor;
				CODE_SIGN_STYLE = Automatic;
				CURRENT_PROJECT_VERSION = 1;
				DEVELOPMENT_TEAM = H3B6726E3X;
				GENERATE_INFOPLIST_FILE = YES;
				INFOPLIST_FILE = Reciplease/Info.plist;
				INFOPLIST_KEY_UIApplicationSupportsIndirectInputEvents = YES;
				INFOPLIST_KEY_UILaunchStoryboardName = LaunchScreen;
				INFOPLIST_KEY_UIMainStoryboardFile = Main;
				INFOPLIST_KEY_UISupportedInterfaceOrientations = UIInterfaceOrientationPortrait;
				INFOPLIST_KEY_UISupportedInterfaceOrientations_iPad = "UIInterfaceOrientationPortrait UIInterfaceOrientationPortraitUpsideDown UIInterfaceOrientationLandscapeLeft UIInterfaceOrientationLandscapeRight";
				INFOPLIST_KEY_UISupportedInterfaceOrientations_iPhone = "UIInterfaceOrientationPortrait UIInterfaceOrientationLandscapeLeft UIInterfaceOrientationLandscapeRight";
				LD_RUNPATH_SEARCH_PATHS = (
					"$(inherited)",
					"@executable_path/Frameworks",
				);
				MARKETING_VERSION = 1.0;
				PRODUCT_BUNDLE_IDENTIFIER = Quentin.Beaudoul.Reciplease;
				PRODUCT_NAME = "$(TARGET_NAME)";
				SWIFT_EMIT_LOC_STRINGS = YES;
				SWIFT_VERSION = 5.0;
				TARGETED_DEVICE_FAMILY = 1;
			};
			name = Release;
		};
/* End XCBuildConfiguration section */

/* Begin XCConfigurationList section */
		664B52F927C8CBBB00D9CEBF /* Build configuration list for PBXProject "Reciplease" */ = {
			isa = XCConfigurationList;
			buildConfigurations = (
				664B531027C8CBBD00D9CEBF /* Debug */,
				664B531127C8CBBD00D9CEBF /* Release */,
			);
			defaultConfigurationIsVisible = 0;
			defaultConfigurationName = Release;
		};
		664B531227C8CBBD00D9CEBF /* Build configuration list for PBXNativeTarget "Reciplease" */ = {
			isa = XCConfigurationList;
			buildConfigurations = (
				664B531327C8CBBD00D9CEBF /* Debug */,
				664B531427C8CBBD00D9CEBF /* Release */,
			);
			defaultConfigurationIsVisible = 0;
			defaultConfigurationName = Release;
		};
/* End XCConfigurationList section */
	};
	rootObject = 664B52F627C8CBBB00D9CEBF /* Project object */;
}
