// !$*UTF8*$!
{
	archiveVersion = 1;
	classes = {
	};
	objectVersion = 55;
	objects = {

/* Begin PBXBuildFile section */
		54CF3E00E49570929E6F464A /* Pods_Shared_RStorage.framework in Frameworks */ = {isa = PBXBuildFile; fileRef = C23CDD200C1D73B8AEC33293 /* Pods_Shared_RStorage.framework */; };
		664B536927C8D0F100D9CEBF /* RStorage.h in Headers */ = {isa = PBXBuildFile; fileRef = 664B536827C8D0F100D9CEBF /* RStorage.h */; settings = {ATTRIBUTES = (Public, ); }; };
		6691BDA827D8E03800BA527D /* StoreManager.swift in Sources */ = {isa = PBXBuildFile; fileRef = 6691BDA727D8E03800BA527D /* StoreManager.swift */; };
		6691BDBB27D8EBCE00BA527D /* Reciplease.xcdatamodeld in Sources */ = {isa = PBXBuildFile; fileRef = 6691BDB927D8EBCE00BA527D /* Reciplease.xcdatamodeld */; };
/* End PBXBuildFile section */

/* Begin PBXFileReference section */
		11AA04EC776BCFB898E50004 /* Pods-Shared-RStorage.debug.xcconfig */ = {isa = PBXFileReference; includeInIndex = 1; lastKnownFileType = text.xcconfig; name = "Pods-Shared-RStorage.debug.xcconfig"; path = "Target Support Files/Pods-Shared-RStorage/Pods-Shared-RStorage.debug.xcconfig"; sourceTree = "<group>"; };
		2BE5BA63D8AF189831AB0E7A /* Pods-RStorage.release.xcconfig */ = {isa = PBXFileReference; includeInIndex = 1; lastKnownFileType = text.xcconfig; name = "Pods-RStorage.release.xcconfig"; path = "Target Support Files/Pods-RStorage/Pods-RStorage.release.xcconfig"; sourceTree = "<group>"; };
		5B912B519B97618462BD34CC /* Pods-Global-RStorage.debug.xcconfig */ = {isa = PBXFileReference; includeInIndex = 1; lastKnownFileType = text.xcconfig; name = "Pods-Global-RStorage.debug.xcconfig"; path = "Target Support Files/Pods-Global-RStorage/Pods-Global-RStorage.debug.xcconfig"; sourceTree = "<group>"; };
		664B536527C8D0F100D9CEBF /* RStorage.framework */ = {isa = PBXFileReference; explicitFileType = wrapper.framework; includeInIndex = 0; path = RStorage.framework; sourceTree = BUILT_PRODUCTS_DIR; };
		664B536827C8D0F100D9CEBF /* RStorage.h */ = {isa = PBXFileReference; lastKnownFileType = sourcecode.c.h; path = RStorage.h; sourceTree = "<group>"; };
		6691BDA727D8E03800BA527D /* StoreManager.swift */ = {isa = PBXFileReference; lastKnownFileType = sourcecode.swift; path = StoreManager.swift; sourceTree = "<group>"; };
		6691BDA927D8E3D700BA527D /* RSearch.framework */ = {isa = PBXFileReference; explicitFileType = wrapper.framework; path = RSearch.framework; sourceTree = BUILT_PRODUCTS_DIR; };
		6691BDBA27D8EBCE00BA527D /* Reciplease.xcdatamodel */ = {isa = PBXFileReference; lastKnownFileType = wrapper.xcdatamodel; path = Reciplease.xcdatamodel; sourceTree = "<group>"; };
		6691BDCC27D8F5BF00BA527D /* RSearch.framework */ = {isa = PBXFileReference; explicitFileType = wrapper.framework; path = RSearch.framework; sourceTree = BUILT_PRODUCTS_DIR; };
		AA6EA555E2395A89E59C3B86 /* Pods-RStorage.debug.xcconfig */ = {isa = PBXFileReference; includeInIndex = 1; lastKnownFileType = text.xcconfig; name = "Pods-RStorage.debug.xcconfig"; path = "Target Support Files/Pods-RStorage/Pods-RStorage.debug.xcconfig"; sourceTree = "<group>"; };
		B658CDD10E20FACECDC09C1D /* Pods-Shared-RStorage.release.xcconfig */ = {isa = PBXFileReference; includeInIndex = 1; lastKnownFileType = text.xcconfig; name = "Pods-Shared-RStorage.release.xcconfig"; path = "Target Support Files/Pods-Shared-RStorage/Pods-Shared-RStorage.release.xcconfig"; sourceTree = "<group>"; };
		C23CDD200C1D73B8AEC33293 /* Pods_Shared_RStorage.framework */ = {isa = PBXFileReference; explicitFileType = wrapper.framework; includeInIndex = 0; path = Pods_Shared_RStorage.framework; sourceTree = BUILT_PRODUCTS_DIR; };
		CC864CA7D50265CEC2A93FA6 /* Pods-Global-RStorage.release.xcconfig */ = {isa = PBXFileReference; includeInIndex = 1; lastKnownFileType = text.xcconfig; name = "Pods-Global-RStorage.release.xcconfig"; path = "Target Support Files/Pods-Global-RStorage/Pods-Global-RStorage.release.xcconfig"; sourceTree = "<group>"; };
/* End PBXFileReference section */

/* Begin PBXFrameworksBuildPhase section */
		664B536227C8D0F100D9CEBF /* Frameworks */ = {
			isa = PBXFrameworksBuildPhase;
			buildActionMask = 2147483647;
			files = (
				54CF3E00E49570929E6F464A /* Pods_Shared_RStorage.framework in Frameworks */,
			);
			runOnlyForDeploymentPostprocessing = 0;
		};
/* End PBXFrameworksBuildPhase section */

/* Begin PBXGroup section */
		15068E7D059E2104C2D96BB2 /* Frameworks */ = {
			isa = PBXGroup;
			children = (
				6691BDCC27D8F5BF00BA527D /* RSearch.framework */,
				6691BDA927D8E3D700BA527D /* RSearch.framework */,
				C23CDD200C1D73B8AEC33293 /* Pods_Shared_RStorage.framework */,
			);
			name = Frameworks;
			sourceTree = "<group>";
		};
		664B535B27C8D0F100D9CEBF = {
			isa = PBXGroup;
			children = (
				6691BDBC27D8F39400BA527D /* Classes */,
				6691BDB827D8EB8800BA527D /* CoreData */,
				664B536727C8D0F100D9CEBF /* RStorage */,
				664B536627C8D0F100D9CEBF /* Products */,
				78AB38CE23443D831F129A30 /* Pods */,
				15068E7D059E2104C2D96BB2 /* Frameworks */,
			);
			sourceTree = "<group>";
		};
		664B536627C8D0F100D9CEBF /* Products */ = {
			isa = PBXGroup;
			children = (
				664B536527C8D0F100D9CEBF /* RStorage.framework */,
			);
			name = Products;
			sourceTree = "<group>";
		};
		664B536727C8D0F100D9CEBF /* RStorage */ = {
			isa = PBXGroup;
			children = (
				664B536827C8D0F100D9CEBF /* RStorage.h */,
			);
			path = RStorage;
			sourceTree = "<group>";
		};
		6691BDB827D8EB8800BA527D /* CoreData */ = {
			isa = PBXGroup;
			children = (
				6691BDB927D8EBCE00BA527D /* Reciplease.xcdatamodeld */,
			);
			name = CoreData;
			sourceTree = "<group>";
		};
		6691BDBC27D8F39400BA527D /* Classes */ = {
			isa = PBXGroup;
			children = (
				6691BDBE27D8F3B000BA527D /* Managers */,
			);
			name = Classes;
			sourceTree = "<group>";
		};
		6691BDBE27D8F3B000BA527D /* Managers */ = {
			isa = PBXGroup;
			children = (
				6691BDA727D8E03800BA527D /* StoreManager.swift */,
			);
			name = Managers;
			sourceTree = "<group>";
		};
		78AB38CE23443D831F129A30 /* Pods */ = {
			isa = PBXGroup;
			children = (
				AA6EA555E2395A89E59C3B86 /* Pods-RStorage.debug.xcconfig */,
				2BE5BA63D8AF189831AB0E7A /* Pods-RStorage.release.xcconfig */,
				5B912B519B97618462BD34CC /* Pods-Global-RStorage.debug.xcconfig */,
				CC864CA7D50265CEC2A93FA6 /* Pods-Global-RStorage.release.xcconfig */,
				11AA04EC776BCFB898E50004 /* Pods-Shared-RStorage.debug.xcconfig */,
				B658CDD10E20FACECDC09C1D /* Pods-Shared-RStorage.release.xcconfig */,
			);
			name = Pods;
			path = ../../Pods;
			sourceTree = "<group>";
		};
/* End PBXGroup section */

/* Begin PBXHeadersBuildPhase section */
		664B536027C8D0F100D9CEBF /* Headers */ = {
			isa = PBXHeadersBuildPhase;
			buildActionMask = 2147483647;
			files = (
				664B536927C8D0F100D9CEBF /* RStorage.h in Headers */,
			);
			runOnlyForDeploymentPostprocessing = 0;
		};
/* End PBXHeadersBuildPhase section */

/* Begin PBXNativeTarget section */
		664B536427C8D0F100D9CEBF /* RStorage */ = {
			isa = PBXNativeTarget;
			buildConfigurationList = 664B536C27C8D0F100D9CEBF /* Build configuration list for PBXNativeTarget "RStorage" */;
			buildPhases = (
				E18D4B2240EA13F3AEE30715 /* [CP] Check Pods Manifest.lock */,
				664B536027C8D0F100D9CEBF /* Headers */,
				664B536127C8D0F100D9CEBF /* Sources */,
				664B536227C8D0F100D9CEBF /* Frameworks */,
				664B536327C8D0F100D9CEBF /* Resources */,
			);
			buildRules = (
			);
			dependencies = (
			);
			name = RStorage;
			productName = RStorage;
			productReference = 664B536527C8D0F100D9CEBF /* RStorage.framework */;
			productType = "com.apple.product-type.framework";
		};
/* End PBXNativeTarget section */

/* Begin PBXProject section */
		664B535C27C8D0F100D9CEBF /* Project object */ = {
			isa = PBXProject;
			attributes = {
				BuildIndependentTargetsInParallel = 1;
				LastUpgradeCheck = 1320;
				TargetAttributes = {
					664B536427C8D0F100D9CEBF = {
						CreatedOnToolsVersion = 13.2.1;
						LastSwiftMigration = 1320;
					};
				};
			};
			buildConfigurationList = 664B535F27C8D0F100D9CEBF /* Build configuration list for PBXProject "RStorage" */;
			compatibilityVersion = "Xcode 13.0";
			developmentRegion = en;
			hasScannedForEncodings = 0;
			knownRegions = (
				en,
				Base,
			);
			mainGroup = 664B535B27C8D0F100D9CEBF;
			productRefGroup = 664B536627C8D0F100D9CEBF /* Products */;
			projectDirPath = "";
			projectRoot = "";
			targets = (
				664B536427C8D0F100D9CEBF /* RStorage */,
			);
		};
/* End PBXProject section */

/* Begin PBXResourcesBuildPhase section */
		664B536327C8D0F100D9CEBF /* Resources */ = {
			isa = PBXResourcesBuildPhase;
			buildActionMask = 2147483647;
			files = (
			);
			runOnlyForDeploymentPostprocessing = 0;
		};
/* End PBXResourcesBuildPhase section */

/* Begin PBXShellScriptBuildPhase section */
		E18D4B2240EA13F3AEE30715 /* [CP] Check Pods Manifest.lock */ = {
			isa = PBXShellScriptBuildPhase;
			buildActionMask = 2147483647;
			files = (
			);
			inputFileListPaths = (
			);
			inputPaths = (
				"${PODS_PODFILE_DIR_PATH}/Podfile.lock",
				"${PODS_ROOT}/Manifest.lock",
			);
			name = "[CP] Check Pods Manifest.lock";
			outputFileListPaths = (
			);
			outputPaths = (
				"$(DERIVED_FILE_DIR)/Pods-Shared-RStorage-checkManifestLockResult.txt",
			);
			runOnlyForDeploymentPostprocessing = 0;
			shellPath = /bin/sh;
			shellScript = "diff \"${PODS_PODFILE_DIR_PATH}/Podfile.lock\" \"${PODS_ROOT}/Manifest.lock\" > /dev/null\nif [ $? != 0 ] ; then\n    # print error to STDERR\n    echo \"error: The sandbox is not in sync with the Podfile.lock. Run 'pod install' or update your CocoaPods installation.\" >&2\n    exit 1\nfi\n# This output is used by Xcode 'outputs' to avoid re-running this script phase.\necho \"SUCCESS\" > \"${SCRIPT_OUTPUT_FILE_0}\"\n";
			showEnvVarsInLog = 0;
		};
/* End PBXShellScriptBuildPhase section */

/* Begin PBXSourcesBuildPhase section */
		664B536127C8D0F100D9CEBF /* Sources */ = {
			isa = PBXSourcesBuildPhase;
			buildActionMask = 2147483647;
			files = (
				6691BDBB27D8EBCE00BA527D /* Reciplease.xcdatamodeld in Sources */,
				6691BDA827D8E03800BA527D /* StoreManager.swift in Sources */,
			);
			runOnlyForDeploymentPostprocessing = 0;
		};
/* End PBXSourcesBuildPhase section */

/* Begin XCBuildConfiguration section */
		664B536A27C8D0F100D9CEBF /* Debug */ = {
			isa = XCBuildConfiguration;
			buildSettings = {
				ALWAYS_SEARCH_USER_PATHS = NO;
				CLANG_ANALYZER_NONNULL = YES;
				CLANG_ANALYZER_NUMBER_OBJECT_CONVERSION = YES_AGGRESSIVE;
				CLANG_CXX_LANGUAGE_STANDARD = "gnu++17";
				CLANG_CXX_LIBRARY = "libc++";
				CLANG_ENABLE_MODULES = YES;
				CLANG_ENABLE_OBJC_ARC = YES;
				CLANG_ENABLE_OBJC_WEAK = YES;
				CLANG_WARN_BLOCK_CAPTURE_AUTORELEASING = YES;
				CLANG_WARN_BOOL_CONVERSION = YES;
				CLANG_WARN_COMMA = YES;
				CLANG_WARN_CONSTANT_CONVERSION = YES;
				CLANG_WARN_DEPRECATED_OBJC_IMPLEMENTATIONS = YES;
				CLANG_WARN_DIRECT_OBJC_ISA_USAGE = YES_ERROR;
				CLANG_WARN_DOCUMENTATION_COMMENTS = YES;
				CLANG_WARN_EMPTY_BODY = YES;
				CLANG_WARN_ENUM_CONVERSION = YES;
				CLANG_WARN_INFINITE_RECURSION = YES;
				CLANG_WARN_INT_CONVERSION = YES;
				CLANG_WARN_NON_LITERAL_NULL_CONVERSION = YES;
				CLANG_WARN_OBJC_IMPLICIT_RETAIN_SELF = YES;
				CLANG_WARN_OBJC_LITERAL_CONVERSION = YES;
				CLANG_WARN_OBJC_ROOT_CLASS = YES_ERROR;
				CLANG_WARN_QUOTED_INCLUDE_IN_FRAMEWORK_HEADER = YES;
				CLANG_WARN_RANGE_LOOP_ANALYSIS = YES;
				CLANG_WARN_STRICT_PROTOTYPES = YES;
				CLANG_WARN_SUSPICIOUS_MOVE = YES;
				CLANG_WARN_UNGUARDED_AVAILABILITY = YES_AGGRESSIVE;
				CLANG_WARN_UNREACHABLE_CODE = YES;
				CLANG_WARN__DUPLICATE_METHOD_MATCH = YES;
				COPY_PHASE_STRIP = NO;
				CURRENT_PROJECT_VERSION = 1;
				DEBUG_INFORMATION_FORMAT = dwarf;
				ENABLE_STRICT_OBJC_MSGSEND = YES;
				ENABLE_TESTABILITY = YES;
				GCC_C_LANGUAGE_STANDARD = gnu11;
				GCC_DYNAMIC_NO_PIC = NO;
				GCC_NO_COMMON_BLOCKS = YES;
				GCC_OPTIMIZATION_LEVEL = 0;
				GCC_PREPROCESSOR_DEFINITIONS = (
					"DEBUG=1",
					"$(inherited)",
				);
				GCC_WARN_64_TO_32_BIT_CONVERSION = YES;
				GCC_WARN_ABOUT_RETURN_TYPE = YES_ERROR;
				GCC_WARN_UNDECLARED_SELECTOR = YES;
				GCC_WARN_UNINITIALIZED_AUTOS = YES_AGGRESSIVE;
				GCC_WARN_UNUSED_FUNCTION = YES;
				GCC_WARN_UNUSED_VARIABLE = YES;
				IPHONEOS_DEPLOYMENT_TARGET = 15.2;
				MTL_ENABLE_DEBUG_INFO = INCLUDE_SOURCE;
				MTL_FAST_MATH = YES;
				ONLY_ACTIVE_ARCH = YES;
				SDKROOT = iphoneos;
				SWIFT_ACTIVE_COMPILATION_CONDITIONS = DEBUG;
				SWIFT_OPTIMIZATION_LEVEL = "-Onone";
				VERSIONING_SYSTEM = "apple-generic";
				VERSION_INFO_PREFIX = "";
			};
			name = Debug;
		};
		664B536B27C8D0F100D9CEBF /* Release */ = {
			isa = XCBuildConfiguration;
			buildSettings = {
				ALWAYS_SEARCH_USER_PATHS = NO;
				CLANG_ANALYZER_NONNULL = YES;
				CLANG_ANALYZER_NUMBER_OBJECT_CONVERSION = YES_AGGRESSIVE;
				CLANG_CXX_LANGUAGE_STANDARD = "gnu++17";
				CLANG_CXX_LIBRARY = "libc++";
				CLANG_ENABLE_MODULES = YES;
				CLANG_ENABLE_OBJC_ARC = YES;
				CLANG_ENABLE_OBJC_WEAK = YES;
				CLANG_WARN_BLOCK_CAPTURE_AUTORELEASING = YES;
				CLANG_WARN_BOOL_CONVERSION = YES;
				CLANG_WARN_COMMA = YES;
				CLANG_WARN_CONSTANT_CONVERSION = YES;
				CLANG_WARN_DEPRECATED_OBJC_IMPLEMENTATIONS = YES;
				CLANG_WARN_DIRECT_OBJC_ISA_USAGE = YES_ERROR;
				CLANG_WARN_DOCUMENTATION_COMMENTS = YES;
				CLANG_WARN_EMPTY_BODY = YES;
				CLANG_WARN_ENUM_CONVERSION = YES;
				CLANG_WARN_INFINITE_RECURSION = YES;
				CLANG_WARN_INT_CONVERSION = YES;
				CLANG_WARN_NON_LITERAL_NULL_CONVERSION = YES;
				CLANG_WARN_OBJC_IMPLICIT_RETAIN_SELF = YES;
				CLANG_WARN_OBJC_LITERAL_CONVERSION = YES;
				CLANG_WARN_OBJC_ROOT_CLASS = YES_ERROR;
				CLANG_WARN_QUOTED_INCLUDE_IN_FRAMEWORK_HEADER = YES;
				CLANG_WARN_RANGE_LOOP_ANALYSIS = YES;
				CLANG_WARN_STRICT_PROTOTYPES = YES;
				CLANG_WARN_SUSPICIOUS_MOVE = YES;
				CLANG_WARN_UNGUARDED_AVAILABILITY = YES_AGGRESSIVE;
				CLANG_WARN_UNREACHABLE_CODE = YES;
				CLANG_WARN__DUPLICATE_METHOD_MATCH = YES;
				COPY_PHASE_STRIP = NO;
				CURRENT_PROJECT_VERSION = 1;
				DEBUG_INFORMATION_FORMAT = "dwarf-with-dsym";
				ENABLE_NS_ASSERTIONS = NO;
				ENABLE_STRICT_OBJC_MSGSEND = YES;
				GCC_C_LANGUAGE_STANDARD = gnu11;
				GCC_NO_COMMON_BLOCKS = YES;
				GCC_WARN_64_TO_32_BIT_CONVERSION = YES;
				GCC_WARN_ABOUT_RETURN_TYPE = YES_ERROR;
				GCC_WARN_UNDECLARED_SELECTOR = YES;
				GCC_WARN_UNINITIALIZED_AUTOS = YES_AGGRESSIVE;
				GCC_WARN_UNUSED_FUNCTION = YES;
				GCC_WARN_UNUSED_VARIABLE = YES;
				IPHONEOS_DEPLOYMENT_TARGET = 15.2;
				MTL_ENABLE_DEBUG_INFO = NO;
				MTL_FAST_MATH = YES;
				SDKROOT = iphoneos;
				SWIFT_COMPILATION_MODE = wholemodule;
				SWIFT_OPTIMIZATION_LEVEL = "-O";
				VALIDATE_PRODUCT = YES;
				VERSIONING_SYSTEM = "apple-generic";
				VERSION_INFO_PREFIX = "";
			};
			name = Release;
		};
		664B536D27C8D0F100D9CEBF /* Debug */ = {
			isa = XCBuildConfiguration;
			baseConfigurationReference = 11AA04EC776BCFB898E50004 /* Pods-Shared-RStorage.debug.xcconfig */;
			buildSettings = {
				CLANG_ENABLE_MODULES = YES;
				CODE_SIGN_STYLE = Automatic;
				CURRENT_PROJECT_VERSION = 1;
				DEFINES_MODULE = YES;
				DEVELOPMENT_TEAM = H3B6726E3X;
				DYLIB_COMPATIBILITY_VERSION = 1;
				DYLIB_CURRENT_VERSION = 1;
				DYLIB_INSTALL_NAME_BASE = "@rpath";
				GENERATE_INFOPLIST_FILE = YES;
				INFOPLIST_KEY_NSHumanReadableCopyright = "";
				INSTALL_PATH = "$(LOCAL_LIBRARY_DIR)/Frameworks";
				LD_RUNPATH_SEARCH_PATHS = (
					"$(inherited)",
					"@executable_path/Frameworks",
					"@loader_path/Frameworks",
				);
				MARKETING_VERSION = 1.0;
				MOMC_NO_INVERSE_RELATIONSHIP_WARNINGS = YES;
				PRODUCT_BUNDLE_IDENTIFIER = Quentin.Beaudoul.RStorage;
				PRODUCT_NAME = "$(TARGET_NAME:c99extidentifier)";
				SKIP_INSTALL = YES;
				SUPPORTS_MACCATALYST = NO;
				SWIFT_EMIT_LOC_STRINGS = YES;
				SWIFT_OPTIMIZATION_LEVEL = "-Onone";
				SWIFT_VERSION = 5.0;
				TARGETED_DEVICE_FAMILY = 1;
			};
			name = Debug;
		};
		664B536E27C8D0F100D9CEBF /* Release */ = {
			isa = XCBuildConfiguration;
			baseConfigurationReference = B658CDD10E20FACECDC09C1D /* Pods-Shared-RStorage.release.xcconfig */;
			buildSettings = {
				CLANG_ENABLE_MODULES = YES;
				CODE_SIGN_STYLE = Automatic;
				CURRENT_PROJECT_VERSION = 1;
				DEFINES_MODULE = YES;
				DEVELOPMENT_TEAM = H3B6726E3X;
				DYLIB_COMPATIBILITY_VERSION = 1;
				DYLIB_CURRENT_VERSION = 1;
				DYLIB_INSTALL_NAME_BASE = "@rpath";
				GENERATE_INFOPLIST_FILE = YES;
				INFOPLIST_KEY_NSHumanReadableCopyright = "";
				INSTALL_PATH = "$(LOCAL_LIBRARY_DIR)/Frameworks";
				LD_RUNPATH_SEARCH_PATHS = (
					"$(inherited)",
					"@executable_path/Frameworks",
					"@loader_path/Frameworks",
				);
				MARKETING_VERSION = 1.0;
				MOMC_NO_INVERSE_RELATIONSHIP_WARNINGS = YES;
				PRODUCT_BUNDLE_IDENTIFIER = Quentin.Beaudoul.RStorage;
				PRODUCT_NAME = "$(TARGET_NAME:c99extidentifier)";
				SKIP_INSTALL = YES;
				SUPPORTS_MACCATALYST = NO;
				SWIFT_EMIT_LOC_STRINGS = YES;
				SWIFT_VERSION = 5.0;
				TARGETED_DEVICE_FAMILY = 1;
			};
			name = Release;
		};
/* End XCBuildConfiguration section */

/* Begin XCConfigurationList section */
		664B535F27C8D0F100D9CEBF /* Build configuration list for PBXProject "RStorage" */ = {
			isa = XCConfigurationList;
			buildConfigurations = (
				664B536A27C8D0F100D9CEBF /* Debug */,
				664B536B27C8D0F100D9CEBF /* Release */,
			);
			defaultConfigurationIsVisible = 0;
			defaultConfigurationName = Release;
		};
		664B536C27C8D0F100D9CEBF /* Build configuration list for PBXNativeTarget "RStorage" */ = {
			isa = XCConfigurationList;
			buildConfigurations = (
				664B536D27C8D0F100D9CEBF /* Debug */,
				664B536E27C8D0F100D9CEBF /* Release */,
			);
			defaultConfigurationIsVisible = 0;
			defaultConfigurationName = Release;
		};
/* End XCConfigurationList section */

/* Begin XCVersionGroup section */
		6691BDB927D8EBCE00BA527D /* Reciplease.xcdatamodeld */ = {
			isa = XCVersionGroup;
			children = (
				6691BDBA27D8EBCE00BA527D /* Reciplease.xcdatamodel */,
			);
			currentVersion = 6691BDBA27D8EBCE00BA527D /* Reciplease.xcdatamodel */;
			path = Reciplease.xcdatamodeld;
			sourceTree = "<group>";
			versionGroupType = wrapper.xcdatamodel;
		};
/* End XCVersionGroup section */
	};
	rootObject = 664B535C27C8D0F100D9CEBF /* Project object */;
}
